
Microsoft Visual Studio Solution File, Format Version 12.00
# Visual Studio Version 17
VisualStudioVersion = 17.9.34701.34
MinimumVisualStudioVersion = 10.0.40219.1
Project("{FAE04EC0-301F-11D3-BF4B-00C04F79EFBC}") = "TMS", "TMS\TMS.csproj", "{99C4B3BE-4A5D-45CF-8C70-168649F9996F}"
EndProject
Global
	GlobalSection(SolutionConfigurationPlatforms) = preSolution
		Debug|Any CPU = Debug|Any CPU
		Release|Any CPU = Release|Any CPU
	EndGlobalSection
	GlobalSection(ProjectConfigurationPlatforms) = postSolution
		{99C4B3BE-4A5D-45CF-8C70-168649F9996F}.Debug|Any CPU.ActiveCfg = Debug|Any CPU
		{99C4B3BE-4A5D-45CF-8C70-168649F9996F}.Debug|Any CPU.Build.0 = Debug|Any CPU
		{99C4B3BE-4A5D-45CF-8C70-168649F9996F}.Release|Any CPU.ActiveCfg = Release|Any CPU
		{99C4B3BE-4A5D-45CF-8C70-168649F9996F}.Release|Any CPU.Build.0 = Release|Any CPU
	EndGlobalSection
	GlobalSection(SolutionProperties) = preSolution
		HideSolutionNode = FALSE
	EndGlobalSection
	GlobalSection(ExtensibilityGlobals) = postSolution
		SolutionGuid = {4ABC8F20-DC18-4B89-8819-E0BF20CB81EC}
	EndGlobalSection
EndGlobal
